// !$*UTF8*$!
{
	archiveVersion = 1;
	classes = {
	};
	objectVersion = 56;
	objects = {

/* Begin PBXBuildFile section */
		FD51AEC3289817FE0029A21A /* SwiftChartsTestApp.swift in Sources */ = {isa = PBXBuildFile; fileRef = FD51AEC2289817FE0029A21A /* SwiftChartsTestApp.swift */; };
		FD51AEC5289817FE0029A21A /* ContentView.swift in Sources */ = {isa = PBXBuildFile; fileRef = FD51AEC4289817FE0029A21A /* ContentView.swift */; };
		FD51AEC7289818000029A21A /* Assets.xcassets in Resources */ = {isa = PBXBuildFile; fileRef = FD51AEC6289818000029A21A /* Assets.xcassets */; };
		FD51AECA289818000029A21A /* Preview Assets.xcassets in Resources */ = {isa = PBXBuildFile; fileRef = FD51AEC9289818000029A21A /* Preview Assets.xcassets */; };
		FD51AED0289818000029A21A /* SwiftChartsTest Watch App.app in Embed Watch Content */ = {isa = PBXBuildFile; fileRef = FD51AECF289818000029A21A /* SwiftChartsTest Watch App.app */; settings = {ATTRIBUTES = (RemoveHeadersOnCopy, ); }; };
		FD51AED5289818000029A21A /* SwiftChartsTestApp.swift in Sources */ = {isa = PBXBuildFile; fileRef = FD51AED4289818000029A21A /* SwiftChartsTestApp.swift */; };
		FD51AED7289818000029A21A /* ContentView.swift in Sources */ = {isa = PBXBuildFile; fileRef = FD51AED6289818000029A21A /* ContentView.swift */; };
		FD51AED9289818010029A21A /* Assets.xcassets in Resources */ = {isa = PBXBuildFile; fileRef = FD51AED8289818010029A21A /* Assets.xcassets */; };
		FD51AEDC289818010029A21A /* Preview Assets.xcassets in Resources */ = {isa = PBXBuildFile; fileRef = FD51AEDB289818010029A21A /* Preview Assets.xcassets */; };
		FD51AEE728981B5A0029A21A /* ChartEntry.swift in Sources */ = {isa = PBXBuildFile; fileRef = FD51AEE628981B5A0029A21A /* ChartEntry.swift */; };
/* End PBXBuildFile section */

/* Begin PBXContainerItemProxy section */
		FD51AED1289818000029A21A /* PBXContainerItemProxy */ = {
			isa = PBXContainerItemProxy;
			containerPortal = FD51AEB7289817FD0029A21A /* Project object */;
			proxyType = 1;
			remoteGlobalIDString = FD51AECE289818000029A21A;
			remoteInfo = "SwiftChartsTest Watch App";
		};
/* End PBXContainerItemProxy section */

/* Begin PBXCopyFilesBuildPhase section */
		FD51AEE2289818010029A21A /* Embed Watch Content */ = {
			isa = PBXCopyFilesBuildPhase;
			buildActionMask = 2147483647;
			dstPath = "$(CONTENTS_FOLDER_PATH)/Watch";
			dstSubfolderSpec = 16;
			files = (
				FD51AED0289818000029A21A /* SwiftChartsTest Watch App.app in Embed Watch Content */,
			);
			name = "Embed Watch Content";
			runOnlyForDeploymentPostprocessing = 0;
		};
/* End PBXCopyFilesBuildPhase section */

/* Begin PBXFileReference section */
		FD51AEBF289817FE0029A21A /* SwiftChartsTest.app */ = {isa = PBXFileReference; explicitFileType = wrapper.application; includeInIndex = 0; path = SwiftChartsTest.app; sourceTree = BUILT_PRODUCTS_DIR; };
		FD51AEC2289817FE0029A21A /* SwiftChartsTestApp.swift */ = {isa = PBXFileReference; lastKnownFileType = sourcecode.swift; path = SwiftChartsTestApp.swift; sourceTree = "<group>"; };
		FD51AEC4289817FE0029A21A /* ContentView.swift */ = {isa = PBXFileReference; lastKnownFileType = sourcecode.swift; path = ContentView.swift; sourceTree = "<group>"; };
		FD51AEC6289818000029A21A /* Assets.xcassets */ = {isa = PBXFileReference; lastKnownFileType = folder.assetcatalog; path = Assets.xcassets; sourceTree = "<group>"; };
		FD51AEC9289818000029A21A /* Preview Assets.xcassets */ = {isa = PBXFileReference; lastKnownFileType = folder.assetcatalog; path = "Preview Assets.xcassets"; sourceTree = "<group>"; };
		FD51AECF289818000029A21A /* SwiftChartsTest Watch App.app */ = {isa = PBXFileReference; explicitFileType = wrapper.application; includeInIndex = 0; path = "SwiftChartsTest Watch App.app"; sourceTree = BUILT_PRODUCTS_DIR; };
		FD51AED4289818000029A21A /* SwiftChartsTestApp.swift */ = {isa = PBXFileReference; lastKnownFileType = sourcecode.swift; path = SwiftChartsTestApp.swift; sourceTree = "<group>"; };
		FD51AED6289818000029A21A /* ContentView.swift */ = {isa = PBXFileReference; lastKnownFileType = sourcecode.swift; path = ContentView.swift; sourceTree = "<group>"; };
		FD51AED8289818010029A21A /* Assets.xcassets */ = {isa = PBXFileReference; lastKnownFileType = folder.assetcatalog; path = Assets.xcassets; sourceTree = "<group>"; };
		FD51AEDB289818010029A21A /* Preview Assets.xcassets */ = {isa = PBXFileReference; lastKnownFileType = folder.assetcatalog; path = "Preview Assets.xcassets"; sourceTree = "<group>"; };
		FD51AEE628981B5A0029A21A /* ChartEntry.swift */ = {isa = PBXFileReference; lastKnownFileType = sourcecode.swift; path = ChartEntry.swift; sourceTree = "<group>"; };
/* End PBXFileReference section */

/* Begin PBXFrameworksBuildPhase section */
		FD51AEBC289817FE0029A21A /* Frameworks */ = {
			isa = PBXFrameworksBuildPhase;
			buildActionMask = 2147483647;
			files = (
			);
			runOnlyForDeploymentPostprocessing = 0;
		};
		FD51AECC289818000029A21A /* Frameworks */ = {
			isa = PBXFrameworksBuildPhase;
			buildActionMask = 2147483647;
			files = (
			);
			runOnlyForDeploymentPostprocessing = 0;
		};
/* End PBXFrameworksBuildPhase section */

/* Begin PBXGroup section */
		FD51AEB6289817FD0029A21A = {
			isa = PBXGroup;
			children = (
				FD51AEC1289817FE0029A21A /* SwiftChartsTest */,
				FD51AED3289818000029A21A /* SwiftChartsTest Watch App */,
				FD51AEC0289817FE0029A21A /* Products */,
			);
			sourceTree = "<group>";
		};
		FD51AEC0289817FE0029A21A /* Products */ = {
			isa = PBXGroup;
			children = (
				FD51AEBF289817FE0029A21A /* SwiftChartsTest.app */,
				FD51AECF289818000029A21A /* SwiftChartsTest Watch App.app */,
			);
			name = Products;
			sourceTree = "<group>";
		};
		FD51AEC1289817FE0029A21A /* SwiftChartsTest */ = {
			isa = PBXGroup;
			children = (
				FD51AEC2289817FE0029A21A /* SwiftChartsTestApp.swift */,
				FD51AEC4289817FE0029A21A /* ContentView.swift */,
				FD51AEC6289818000029A21A /* Assets.xcassets */,
				FD51AEC8289818000029A21A /* Preview Content */,
				FD51AEE628981B5A0029A21A /* ChartEntry.swift */,
			);
			path = SwiftChartsTest;
			sourceTree = "<group>";
		};
		FD51AEC8289818000029A21A /* Preview Content */ = {
			isa = PBXGroup;
			children = (
				FD51AEC9289818000029A21A /* Preview Assets.xcassets */,
			);
			path = "Preview Content";
			sourceTree = "<group>";
		};
		FD51AED3289818000029A21A /* SwiftChartsTest Watch App */ = {
			isa = PBXGroup;
			children = (
				FD51AED4289818000029A21A /* SwiftChartsTestApp.swift */,
				FD51AED6289818000029A21A /* ContentView.swift */,
				FD51AED8289818010029A21A /* Assets.xcassets */,
				FD51AEDA289818010029A21A /* Preview Content */,
			);
			path = "SwiftChartsTest Watch App";
			sourceTree = "<group>";
		};
		FD51AEDA289818010029A21A /* Preview Content */ = {
			isa = PBXGroup;
			children = (
				FD51AEDB289818010029A21A /* Preview Assets.xcassets */,
			);
			path = "Preview Content";
			sourceTree = "<group>";
		};
/* End PBXGroup section */

/* Begin PBXNativeTarget section */
		FD51AEBE289817FE0029A21A /* SwiftChartsTest */ = {
			isa = PBXNativeTarget;
			buildConfigurationList = FD51AEE3289818010029A21A /* Build configuration list for PBXNativeTarget "SwiftChartsTest" */;
			buildPhases = (
				FD51AEBB289817FE0029A21A /* Sources */,
				FD51AEBC289817FE0029A21A /* Frameworks */,
				FD51AEBD289817FE0029A21A /* Resources */,
				FD51AEE2289818010029A21A /* Embed Watch Content */,
			);
			buildRules = (
			);
			dependencies = (
				FD51AED2289818000029A21A /* PBXTargetDependency */,
			);
			name = SwiftChartsTest;
			productName = SwiftChartsTest;
			productReference = FD51AEBF289817FE0029A21A /* SwiftChartsTest.app */;
			productType = "com.apple.product-type.application";
		};
		FD51AECE289818000029A21A /* SwiftChartsTest Watch App */ = {
			isa = PBXNativeTarget;
			buildConfigurationList = FD51AEDF289818010029A21A /* Build configuration list for PBXNativeTarget "SwiftChartsTest Watch App" */;
			buildPhases = (
				FD51AECB289818000029A21A /* Sources */,
				FD51AECC289818000029A21A /* Frameworks */,
				FD51AECD289818000029A21A /* Resources */,
			);
			buildRules = (
			);
			dependencies = (
			);
			name = "SwiftChartsTest Watch App";
			productName = "SwiftChartsTest Watch App";
			productReference = FD51AECF289818000029A21A /* SwiftChartsTest Watch App.app */;
			productType = "com.apple.product-type.application";
		};
/* End PBXNativeTarget section */

/* Begin PBXProject section */
		FD51AEB7289817FD0029A21A /* Project object */ = {
			isa = PBXProject;
			attributes = {
				BuildIndependentTargetsInParallel = 1;
				LastSwiftUpdateCheck = 1400;
				LastUpgradeCheck = 1400;
				TargetAttributes = {
					FD51AEBE289817FE0029A21A = {
						CreatedOnToolsVersion = 14.0;
					};
					FD51AECE289818000029A21A = {
						CreatedOnToolsVersion = 14.0;
					};
				};
			};
			buildConfigurationList = FD51AEBA289817FD0029A21A /* Build configuration list for PBXProject "SwiftChartsTest" */;
			compatibilityVersion = "Xcode 14.0";
			developmentRegion = en;
			hasScannedForEncodings = 0;
			knownRegions = (
				en,
				Base,
			);
			mainGroup = FD51AEB6289817FD0029A21A;
			productRefGroup = FD51AEC0289817FE0029A21A /* Products */;
			projectDirPath = "";
			projectRoot = "";
			targets = (
				FD51AEBE289817FE0029A21A /* SwiftChartsTest */,
				FD51AECE289818000029A21A /* SwiftChartsTest Watch App */,
			);
		};
/* End PBXProject section */

/* Begin PBXResourcesBuildPhase section */
		FD51AEBD289817FE0029A21A /* Resources */ = {
			isa = PBXResourcesBuildPhase;
			buildActionMask = 2147483647;
			files = (
				FD51AECA289818000029A21A /* Preview Assets.xcassets in Resources */,
				FD51AEC7289818000029A21A /* Assets.xcassets in Resources */,
			);
			runOnlyForDeploymentPostprocessing = 0;
		};
		FD51AECD289818000029A21A /* Resources */ = {
			isa = PBXResourcesBuildPhase;
			buildActionMask = 2147483647;
			files = (
				FD51AEDC289818010029A21A /* Preview Assets.xcassets in Resources */,
				FD51AED9289818010029A21A /* Assets.xcassets in Resources */,
			);
			runOnlyForDeploymentPostprocessing = 0;
		};
/* End PBXResourcesBuildPhase section */

/* Begin PBXSourcesBuildPhase section */
		FD51AEBB289817FE0029A21A /* Sources */ = {
			isa = PBXSourcesBuildPhase;
			buildActionMask = 2147483647;
			files = (
				FD51AEE728981B5A0029A21A /* ChartEntry.swift in Sources */,
				FD51AEC5289817FE0029A21A /* ContentView.swift in Sources */,
				FD51AEC3289817FE0029A21A /* SwiftChartsTestApp.swift in Sources */,
			);
			runOnlyForDeploymentPostprocessing = 0;
		};
		FD51AECB289818000029A21A /* Sources */ = {
			isa = PBXSourcesBuildPhase;
			buildActionMask = 2147483647;
			files = (
				FD51AED7289818000029A21A /* ContentView.swift in Sources */,
				FD51AED5289818000029A21A /* SwiftChartsTestApp.swift in Sources */,
			);
			runOnlyForDeploymentPostprocessing = 0;
		};
/* End PBXSourcesBuildPhase section */

/* Begin PBXTargetDependency section */
		FD51AED2289818000029A21A /* PBXTargetDependency */ = {
			isa = PBXTargetDependency;
			target = FD51AECE289818000029A21A /* SwiftChartsTest Watch App */;
			targetProxy = FD51AED1289818000029A21A /* PBXContainerItemProxy */;
		};
/* End PBXTargetDependency section */

/* Begin XCBuildConfiguration section */
		FD51AEDD289818010029A21A /* Debug */ = {
			isa = XCBuildConfiguration;
			buildSettings = {
				ALWAYS_SEARCH_USER_PATHS = NO;
				CLANG_ANALYZER_NONNULL = YES;
				CLANG_ANALYZER_NUMBER_OBJECT_CONVERSION = YES_AGGRESSIVE;
				CLANG_CXX_LANGUAGE_STANDARD = "gnu++20";
				CLANG_ENABLE_MODULES = YES;
				CLANG_ENABLE_OBJC_ARC = YES;
				CLANG_ENABLE_OBJC_WEAK = YES;
				CLANG_WARN_BLOCK_CAPTURE_AUTORELEASING = YES;
				CLANG_WARN_BOOL_CONVERSION = YES;
				CLANG_WARN_COMMA = YES;
				CLANG_WARN_CONSTANT_CONVERSION = YES;
				CLANG_WARN_DEPRECATED_OBJC_IMPLEMENTATIONS = YES;
				CLANG_WARN_DIRECT_OBJC_ISA_USAGE = YES_ERROR;
				CLANG_WARN_DOCUMENTATION_COMMENTS = YES;
				CLANG_WARN_EMPTY_BODY = YES;
				CLANG_WARN_ENUM_CONVERSION = YES;
				CLANG_WARN_INFINITE_RECURSION = YES;
				CLANG_WARN_INT_CONVERSION = YES;
				CLANG_WARN_NON_LITERAL_NULL_CONVERSION = YES;
				CLANG_WARN_OBJC_IMPLICIT_RETAIN_SELF = YES;
				CLANG_WARN_OBJC_LITERAL_CONVERSION = YES;
				CLANG_WARN_OBJC_ROOT_CLASS = YES_ERROR;
				CLANG_WARN_QUOTED_INCLUDE_IN_FRAMEWORK_HEADER = YES;
				CLANG_WARN_RANGE_LOOP_ANALYSIS = YES;
				CLANG_WARN_STRICT_PROTOTYPES = YES;
				CLANG_WARN_SUSPICIOUS_MOVE = YES;
				CLANG_WARN_UNGUARDED_AVAILABILITY = YES_AGGRESSIVE;
				CLANG_WARN_UNREACHABLE_CODE = YES;
				CLANG_WARN__DUPLICATE_METHOD_MATCH = YES;
				COPY_PHASE_STRIP = NO;
				DEBUG_INFORMATION_FORMAT = dwarf;
				ENABLE_STRICT_OBJC_MSGSEND = YES;
				ENABLE_TESTABILITY = YES;
				GCC_C_LANGUAGE_STANDARD = gnu11;
				GCC_DYNAMIC_NO_PIC = NO;
				GCC_NO_COMMON_BLOCKS = YES;
				GCC_OPTIMIZATION_LEVEL = 0;
				GCC_PREPROCESSOR_DEFINITIONS = (
					"DEBUG=1",
					"$(inherited)",
				);
				GCC_WARN_64_TO_32_BIT_CONVERSION = YES;
				GCC_WARN_ABOUT_RETURN_TYPE = YES_ERROR;
				GCC_WARN_UNDECLARED_SELECTOR = YES;
				GCC_WARN_UNINITIALIZED_AUTOS = YES_AGGRESSIVE;
				GCC_WARN_UNUSED_FUNCTION = YES;
				GCC_WARN_UNUSED_VARIABLE = YES;
				MTL_ENABLE_DEBUG_INFO = INCLUDE_SOURCE;
				MTL_FAST_MATH = YES;
				ONLY_ACTIVE_ARCH = YES;
				SWIFT_ACTIVE_COMPILATION_CONDITIONS = DEBUG;
				SWIFT_OPTIMIZATION_LEVEL = "-Onone";
			};
			name = Debug;
		};
		FD51AEDE289818010029A21A /* Release */ = {
			isa = XCBuildConfiguration;
			buildSettings = {
				ALWAYS_SEARCH_USER_PATHS = NO;
				CLANG_ANALYZER_NONNULL = YES;
				CLANG_ANALYZER_NUMBER_OBJECT_CONVERSION = YES_AGGRESSIVE;
				CLANG_CXX_LANGUAGE_STANDARD = "gnu++20";
				CLANG_ENABLE_MODULES = YES;
				CLANG_ENABLE_OBJC_ARC = YES;
				CLANG_ENABLE_OBJC_WEAK = YES;
				CLANG_WARN_BLOCK_CAPTURE_AUTORELEASING = YES;
				CLANG_WARN_BOOL_CONVERSION = YES;
				CLANG_WARN_COMMA = YES;
				CLANG_WARN_CONSTANT_CONVERSION = YES;
				CLANG_WARN_DEPRECATED_OBJC_IMPLEMENTATIONS = YES;
				CLANG_WARN_DIRECT_OBJC_ISA_USAGE = YES_ERROR;
				CLANG_WARN_DOCUMENTATION_COMMENTS = YES;
				CLANG_WARN_EMPTY_BODY = YES;
				CLANG_WARN_ENUM_CONVERSION = YES;
				CLANG_WARN_INFINITE_RECURSION = YES;
				CLANG_WARN_INT_CONVERSION = YES;
				CLANG_WARN_NON_LITERAL_NULL_CONVERSION = YES;
				CLANG_WARN_OBJC_IMPLICIT_RETAIN_SELF = YES;
				CLANG_WARN_OBJC_LITERAL_CONVERSION = YES;
				CLANG_WARN_OBJC_ROOT_CLASS = YES_ERROR;
				CLANG_WARN_QUOTED_INCLUDE_IN_FRAMEWORK_HEADER = YES;
				CLANG_WARN_RANGE_LOOP_ANALYSIS = YES;
				CLANG_WARN_STRICT_PROTOTYPES = YES;
				CLANG_WARN_SUSPICIOUS_MOVE = YES;
				CLANG_WARN_UNGUARDED_AVAILABILITY = YES_AGGRESSIVE;
				CLANG_WARN_UNREACHABLE_CODE = YES;
				CLANG_WARN__DUPLICATE_METHOD_MATCH = YES;
				COPY_PHASE_STRIP = NO;
				DEBUG_INFORMATION_FORMAT = "dwarf-with-dsym";
				ENABLE_NS_ASSERTIONS = NO;
				ENABLE_STRICT_OBJC_MSGSEND = YES;
				GCC_C_LANGUAGE_STANDARD = gnu11;
				GCC_NO_COMMON_BLOCKS = YES;
				GCC_WARN_64_TO_32_BIT_CONVERSION = YES;
				GCC_WARN_ABOUT_RETURN_TYPE = YES_ERROR;
				GCC_WARN_UNDECLARED_SELECTOR = YES;
				GCC_WARN_UNINITIALIZED_AUTOS = YES_AGGRESSIVE;
				GCC_WARN_UNUSED_FUNCTION = YES;
				GCC_WARN_UNUSED_VARIABLE = YES;
				MTL_ENABLE_DEBUG_INFO = NO;
				MTL_FAST_MATH = YES;
				SWIFT_COMPILATION_MODE = wholemodule;
				SWIFT_OPTIMIZATION_LEVEL = "-O";
			};
			name = Release;
		};
		FD51AEE0289818010029A21A /* Debug */ = {
			isa = XCBuildConfiguration;
			buildSettings = {
				ASSETCATALOG_COMPILER_APPICON_NAME = AppIcon;
				ASSETCATALOG_COMPILER_GLOBAL_ACCENT_COLOR_NAME = AccentColor;
				CODE_SIGN_STYLE = Automatic;
				CURRENT_PROJECT_VERSION = 1;
				DEVELOPMENT_ASSET_PATHS = "\"SwiftChartsTest Watch App/Preview Content\"";
				DEVELOPMENT_TEAM = B9WD868NNN;
				ENABLE_PREVIEWS = YES;
				GENERATE_INFOPLIST_FILE = YES;
				INFOPLIST_KEY_CFBundleDisplayName = SwiftChartsTest;
				INFOPLIST_KEY_UISupportedInterfaceOrientations = "UIInterfaceOrientationPortrait UIInterfaceOrientationPortraitUpsideDown";
				INFOPLIST_KEY_WKCompanionAppBundleIdentifier = emiri.SwiftChartsTest;
				LD_RUNPATH_SEARCH_PATHS = (
					"$(inherited)",
					"@executable_path/Frameworks",
				);
				MARKETING_VERSION = 1.0;
				PRODUCT_BUNDLE_IDENTIFIER = emiri.SwiftChartsTest.watchkitapp;
				PRODUCT_NAME = "$(TARGET_NAME)";
				SDKROOT = watchos;
				SKIP_INSTALL = YES;
				SWIFT_EMIT_LOC_STRINGS = YES;
				SWIFT_VERSION = 5.0;
				TARGETED_DEVICE_FAMILY = 4;
				WATCHOS_DEPLOYMENT_TARGET = 9.0;
			};
			name = Debug;
		};
		FD51AEE1289818010029A21A /* Release */ = {
			isa = XCBuildConfiguration;
			buildSettings = {
				ASSETCATALOG_COMPILER_APPICON_NAME = AppIcon;
				ASSETCATALOG_COMPILER_GLOBAL_ACCENT_COLOR_NAME = AccentColor;
				CODE_SIGN_STYLE = Automatic;
				CURRENT_PROJECT_VERSION = 1;
				DEVELOPMENT_ASSET_PATHS = "\"SwiftChartsTest Watch App/Preview Content\"";
				DEVELOPMENT_TEAM = B9WD868NNN;
				ENABLE_PREVIEWS = YES;
				GENERATE_INFOPLIST_FILE = YES;
				INFOPLIST_KEY_CFBundleDisplayName = SwiftChartsTest;
				INFOPLIST_KEY_UISupportedInterfaceOrientations = "UIInterfaceOrientationPortrait UIInterfaceOrientationPortraitUpsideDown";
				INFOPLIST_KEY_WKCompanionAppBundleIdentifier = emiri.SwiftChartsTest;
				LD_RUNPATH_SEARCH_PATHS = (
					"$(inherited)",
					"@executable_path/Frameworks",
				);
				MARKETING_VERSION = 1.0;
				PRODUCT_BUNDLE_IDENTIFIER = emiri.SwiftChartsTest.watchkitapp;
				PRODUCT_NAME = "$(TARGET_NAME)";
				SDKROOT = watchos;
				SKIP_INSTALL = YES;
				SWIFT_EMIT_LOC_STRINGS = YES;
				SWIFT_VERSION = 5.0;
				TARGETED_DEVICE_FAMILY = 4;
				VALIDATE_PRODUCT = YES;
				WATCHOS_DEPLOYMENT_TARGET = 9.0;
			};
			name = Release;
		};
		FD51AEE4289818010029A21A /* Debug */ = {
			isa = XCBuildConfiguration;
			buildSettings = {
				ALWAYS_EMBED_SWIFT_STANDARD_LIBRARIES = YES;
				ASSETCATALOG_COMPILER_APPICON_NAME = AppIcon;
				ASSETCATALOG_COMPILER_GLOBAL_ACCENT_COLOR_NAME = AccentColor;
				CODE_SIGN_STYLE = Automatic;
				CURRENT_PROJECT_VERSION = 1;
				DEVELOPMENT_ASSET_PATHS = "\"SwiftChartsTest/Preview Content\"";
				DEVELOPMENT_TEAM = B9WD868NNN;
				ENABLE_PREVIEWS = YES;
				GENERATE_INFOPLIST_FILE = YES;
				INFOPLIST_KEY_CFBundleDisplayName = SwiftChartsTest;
				INFOPLIST_KEY_UIApplicationSceneManifest_Generation = YES;
				INFOPLIST_KEY_UIApplicationSupportsIndirectInputEvents = YES;
				INFOPLIST_KEY_UILaunchScreen_Generation = YES;
				INFOPLIST_KEY_UISupportedInterfaceOrientations_iPad = "UIInterfaceOrientationPortrait UIInterfaceOrientationPortraitUpsideDown UIInterfaceOrientationLandscapeLeft UIInterfaceOrientationLandscapeRight";
				INFOPLIST_KEY_UISupportedInterfaceOrientations_iPhone = "UIInterfaceOrientationPortrait UIInterfaceOrientationLandscapeLeft UIInterfaceOrientationLandscapeRight";
				IPHONEOS_DEPLOYMENT_TARGET = 16.0;
				LD_RUNPATH_SEARCH_PATHS = (
					"$(inherited)",
					"@executable_path/Frameworks",
				);
				MARKETING_VERSION = 1.0;
				PRODUCT_BUNDLE_IDENTIFIER = emiri.SwiftChartsTest;
				PRODUCT_NAME = "$(TARGET_NAME)";
				SDKROOT = iphoneos;
				SWIFT_EMIT_LOC_STRINGS = YES;
				SWIFT_VERSION = 5.0;
				TARGETED_DEVICE_FAMILY = "1,2";
			};
			name = Debug;
		};
		FD51AEE5289818010029A21A /* Release */ = {
			isa = XCBuildConfiguration;
			buildSettings = {
				ALWAYS_EMBED_SWIFT_STANDARD_LIBRARIES = YES;
				ASSETCATALOG_COMPILER_APPICON_NAME = AppIcon;
				ASSETCATALOG_COMPILER_GLOBAL_ACCENT_COLOR_NAME = AccentColor;
				CODE_SIGN_STYLE = Automatic;
				CURRENT_PROJECT_VERSION = 1;
				DEVELOPMENT_ASSET_PATHS = "\"SwiftChartsTest/Preview Content\"";
				DEVELOPMENT_TEAM = B9WD868NNN;
				ENABLE_PREVIEWS = YES;
				GENERATE_INFOPLIST_FILE = YES;
				INFOPLIST_KEY_CFBundleDisplayName = SwiftChartsTest;
				INFOPLIST_KEY_UIApplicationSceneManifest_Generation = YES;
				INFOPLIST_KEY_UIApplicationSupportsIndirectInputEvents = YES;
				INFOPLIST_KEY_UILaunchScreen_Generation = YES;
				INFOPLIST_KEY_UISupportedInterfaceOrientations_iPad = "UIInterfaceOrientationPortrait UIInterfaceOrientationPortraitUpsideDown UIInterfaceOrientationLandscapeLeft UIInterfaceOrientationLandscapeRight";
				INFOPLIST_KEY_UISupportedInterfaceOrientations_iPhone = "UIInterfaceOrientationPortrait UIInterfaceOrientationLandscapeLeft UIInterfaceOrientationLandscapeRight";
				IPHONEOS_DEPLOYMENT_TARGET = 16.0;
				LD_RUNPATH_SEARCH_PATHS = (
					"$(inherited)",
					"@executable_path/Frameworks",
				);
				MARKETING_VERSION = 1.0;
				PRODUCT_BUNDLE_IDENTIFIER = emiri.SwiftChartsTest;
				PRODUCT_NAME = "$(TARGET_NAME)";
				SDKROOT = iphoneos;
				SWIFT_EMIT_LOC_STRINGS = YES;
				SWIFT_VERSION = 5.0;
				TARGETED_DEVICE_FAMILY = "1,2";
				VALIDATE_PRODUCT = YES;
			};
			name = Release;
		};
/* End XCBuildConfiguration section */

/* Begin XCConfigurationList section */
		FD51AEBA289817FD0029A21A /* Build configuration list for PBXProject "SwiftChartsTest" */ = {
			isa = XCConfigurationList;
			buildConfigurations = (
				FD51AEDD289818010029A21A /* Debug */,
				FD51AEDE289818010029A21A /* Release */,
			);
			defaultConfigurationIsVisible = 0;
			defaultConfigurationName = Release;
		};
		FD51AEDF289818010029A21A /* Build configuration list for PBXNativeTarget "SwiftChartsTest Watch App" */ = {
			isa = XCConfigurationList;
			buildConfigurations = (
				FD51AEE0289818010029A21A /* Debug */,
				FD51AEE1289818010029A21A /* Release */,
			);
			defaultConfigurationIsVisible = 0;
			defaultConfigurationName = Release;
		};
		FD51AEE3289818010029A21A /* Build configuration list for PBXNativeTarget "SwiftChartsTest" */ = {
			isa = XCConfigurationList;
			buildConfigurations = (
				FD51AEE4289818010029A21A /* Debug */,
				FD51AEE5289818010029A21A /* Release */,
			);
			defaultConfigurationIsVisible = 0;
			defaultConfigurationName = Release;
		};
/* End XCConfigurationList section */
	};
	rootObject = FD51AEB7289817FD0029A21A /* Project object */;
}
